{
    "version": 3,
    "terraform_version": "0.12.18",
    "serial": 1,
    "lineage": "a390b64d-be17-ca5f-f235-3787b3d497a2",
    "modules": [
        {
            "path": [
                "root"
            ],
            "outputs": {
                "aws_instance_tfer--i-002D-0d0e07b27eda6ec10__id": {
                    "sensitive": false,
                    "type": "string",
                    "value": "i-0d0e07b27eda6ec10"
                }
            },
            "resources": {
                "aws_instance.tfer--i-002D-0d0e07b27eda6ec10_": {
                    "type": "aws_instance",
                    "depends_on": [],
                    "primary": {
                        "id": "i-0d0e07b27eda6ec10",
                        "attributes": {
                            "ami": "ami-035966e8adab4aaad",
                            "arn": "arn:aws:ec2:eu-west-1:744807968535:instance/i-0d0e07b27eda6ec10",
                            "associate_public_ip_address": "true",
                            "availability_zone": "eu-west-1b",
                            "cpu_core_count": "1",
                            "cpu_threads_per_core": "1",
                            "credit_specification.#": "1",
                            "credit_specification.0.cpu_credits": "standard",
                            "disable_api_termination": "false",
                            "ebs_block_device.#": "0",
                            "ebs_optimized": "false",
                            "ephemeral_block_device.#": "0",
                            "get_password_data": "false",
                            "hibernation": "false",
                            "iam_instance_profile": "",
                            "id": "i-0d0e07b27eda6ec10",
                            "instance_state": "running",
                            "instance_type": "t2.micro",
                            "ipv6_address_count": "0",
                            "ipv6_addresses.#": "0",
                            "key_name": "jmandt_ec2_744807968535",
                            "monitoring": "false",
                            "network_interface.#": "0",
                            "password_data": "",
                            "placement_group": "",
                            "primary_network_interface_id": "eni-08f53768f3397a872",
                            "private_dns": "ip-172-31-33-121.eu-west-1.compute.internal",
                            "private_ip": "172.31.33.121",
                            "public_dns": "ec2-52-31-21-3.eu-west-1.compute.amazonaws.com",
                            "public_ip": "52.31.21.3",
                            "root_block_device.#": "1",
                            "root_block_device.0.delete_on_termination": "true",
                            "root_block_device.0.encrypted": "false",
                            "root_block_device.0.iops": "100",
                            "root_block_device.0.kms_key_id": "",
                            "root_block_device.0.volume_id": "vol-03681f2fb72fa86ac",
                            "root_block_device.0.volume_size": "8",
                            "root_block_device.0.volume_type": "gp2",
                            "security_groups.#": "1",
                            "security_groups.0": "launch-wizard-1",
                            "source_dest_check": "true",
                            "subnet_id": "subnet-69fd2f33",
                            "tags.%": "0",
                            "tenancy": "default",
                            "user_data_base64": "",
                            "volume_tags.%": "0",
                            "vpc_security_group_ids.#": "1",
                            "vpc_security_group_ids.0": "sg-0a2b6ba0dd6cf4714"
                        },
                        "meta": {
                            "schema_version": 1
                        },
                        "tainted": false
                    },
                    "deposed": [],
                    "provider": "provider.aws"
                }
            },
            "depends_on": []
        }
    ]
}
